Microsoft Visual Studio Solution File, Format Version 12.00
# Visual Studio Version 18
VisualStudioVersion = 18.7.0.0
MinimumVisualStudioVersion = 10.0.40219.1
Project("{2150E333-8FDC-42A3-9474-1A3956D46DE8}") = "Solution Items", "Solution Items", "{A1B2C3D4-0001-0001-0001-000000000001}"
    ProjectSection(SolutionItems) = preProject
        README.md = README.md
        .github\copilot-instructions.md = .github\copilot-instructions.md
    EndProjectSection
EndProject
Project("{2150E333-8FDC-42A3-9474-1A3956D46DE8}") = "mySkills", "mySkills", "{A1B2C3D4-0002-0002-0002-000000000002}"
    ProjectSection(SolutionItems) = preProject
        mySkills\add-md-footer\skill.md = mySkills\add-md-footer\skill.md
        mySkills\buchformat-artikel\skill.md = mySkills\buchformat-artikel\skill.md
        mySkills\environment-detector\SKILL.md = mySkills\environment-detector\SKILL.md
        mySkills\image-downloader\SKILL.md = mySkills\image-downloader\SKILL.md
        mySkills\ki-club-adaptive-theming\SKILL.md = mySkills\ki-club-adaptive-theming\SKILL.md
        mySkills\lm-studio-sync\SKILL.md = mySkills\lm-studio-sync\SKILL.md
        mySkills\ollama-sync\SKILL.md = mySkills\ollama-sync\SKILL.md
        mySkills\publish-to-iis\SKILL.md = mySkills\publish-to-iis\SKILL.md
        mySkills\social-media-postings\skill.md = mySkills\social-media-postings\skill.md
        mySkills\social-share-metadata\SKILL.md = mySkills\social-share-metadata\SKILL.md
        mySkills\static-web-syncfusion-agentic\SKILL.md = mySkills\static-web-syncfusion-agentic\SKILL.md
        mySkills\vs-f5-react-vite-enable\SKILL.md = mySkills\vs-f5-react-vite-enable\SKILL.md
        mySkills\vs-template-agent\skill.md = mySkills\vs-template-agent\skill.md
        mySkills\vscode-web-start-config\SKILL.md = mySkills\vscode-web-start-config\SKILL.md
    EndProjectSection
EndProject
Project("{2150E333-8FDC-42A3-9474-1A3956D46DE8}") = "myInstructions", "myInstructions", "{A1B2C3D4-0003-0003-0003-000000000003}"
    ProjectSection(SolutionItems) = preProject
        myInstructions\html-css-style-color-guide.instructions.md = myInstructions\html-css-style-color-guide.instructions.md
        myInstructions\jw-html-komponenten-entwicklung.instructions.md = myInstructions\jw-html-komponenten-entwicklung.instructions.md
        myInstructions\jw-react-ui-instructions.md = myInstructions\jw-react-ui-instructions.md
        myInstructions\jw.blazor-component.instructions.md = myInstructions\jw.blazor-component.instructions.md
        myInstructions\jw.copilot-instructions.instructions.md = myInstructions\jw.copilot-instructions.instructions.md
        myInstructions\jw.static-website.instructions.md = myInstructions\jw.static-website.instructions.md
        myInstructions\static-website.instructions.md = myInstructions\static-website.instructions.md
    EndProjectSection
EndProject
Global
    GlobalSection(SolutionProperties) = preSolution
        HideSolutionNode = FALSE
    EndGlobalSection
EndGlobal